# THIS IS AN AUTOGENERATED FILE. DO NOT EDIT THIS FILE DIRECTLY.
# yarn lockfile v1


buffer-writer@2.0.0:
  version "2.0.0"
  resolved "https://registry.npm.taobao.org/buffer-writer/download/buffer-writer-2.0.0.tgz#ce7eb81a38f7829db09c873f2fbb792c0c98ec04"
  integrity sha1-zn64Gjj3gp2wnIc/L7t5LAyY7AQ=

packet-reader@1.0.0:
  version "1.0.0"
  resolved "https://registry.npm.taobao.org/packet-reader/download/packet-reader-1.0.0.tgz#9238e5480dedabacfe1fe3f2771063f164157d74"
  integrity sha1-kjjlSA3tq6z+H+PydxBj8WQVfXQ=

pg-connection-string@^2.2.3:
  version "2.2.3"
  resolved "https://registry.npm.taobao.org/pg-connection-string/download/pg-connection-string-2.2.3.tgz#48e1158ec37eaa82e98dbcb7307103ec303fe0e7"
  integrity sha1-SOEVjsN+qoLpjby3MHED7DA/4Oc=

pg-int8@1.0.1:
  version "1.0.1"
  resolved "https://registry.npm.taobao.org/pg-int8/download/pg-int8-1.0.1.tgz#943bd463bf5b71b4170115f80f8efc9a0c0eb78c"
  integrity sha1-lDvUY79bcbQXARX4D478mgwOt4w=

pg-pool@^3.2.1:
  version "3.2.1"
  resolved "https://registry.npm.taobao.org/pg-pool/download/pg-pool-3.2.1.tgz#5f4afc0f58063659aeefa952d36af49fa28b30e0"
  integrity sha1-X0r8D1gGNlmu76lS02r0n6KLMOA=

pg-protocol@^1.2.4:
  version "1.2.4"
  resolved "https://registry.npm.taobao.org/pg-protocol/download/pg-protocol-1.2.4.tgz#3139cac0e51347f1e21e03954b1bb9fe2c20962e"
  integrity sha1-MTnKwOUTR/HiHgOVSxu5/iwgli4=

pg-types@^2.1.0:
  version "2.2.0"
  resolved "https://registry.npm.taobao.org/pg-types/download/pg-types-2.2.0.tgz#2d0250d636454f7cfa3b6ae0382fdfa8063254a3"
  integrity sha1-LQJQ1jZFT3z6O2rgOC/fqAYyVKM=
  dependencies:
    pg-int8 "1.0.1"
    postgres-array "~2.0.0"
    postgres-bytea "~1.0.0"
    postgres-date "~1.0.4"
    postgres-interval "^1.1.0"

pg@^8.2.1:
  version "8.2.1"
  resolved "https://registry.npm.taobao.org/pg/download/pg-8.2.1.tgz#f5a81f5e2025182fbe701514d3e1a43e68a616ac"
  integrity sha1-9agfXiAlGC++cBUU0+GkPmimFqw=
  dependencies:
    buffer-writer "2.0.0"
    packet-reader "1.0.0"
    pg-connection-string "^2.2.3"
    pg-pool "^3.2.1"
    pg-protocol "^1.2.4"
    pg-types "^2.1.0"
    pgpass "1.x"
    semver "4.3.2"

pgpass@1.x:
  version "1.0.2"
  resolved "https://registry.npm.taobao.org/pgpass/download/pgpass-1.0.2.tgz#2a7bb41b6065b67907e91da1b07c1847c877b306"
  integrity sha1-Knu0G2BltnkH6R2hsHwYR8h3swY=
  dependencies:
    split "^1.0.0"

postgres-array@~2.0.0:
  version "2.0.0"
  resolved "https://registry.npm.taobao.org/postgres-array/download/postgres-array-2.0.0.tgz#48f8fce054fbc69671999329b8834b772652d82e"
  integrity sha1-SPj84FT7xpZxmZMpuINLdyZS2C4=

postgres-bytea@~1.0.0:
  version "1.0.0"
  resolved "https://registry.npm.taobao.org/postgres-bytea/download/postgres-bytea-1.0.0.tgz?cache=0&other_urls=https%3A%2F%2Fregistry.npm.taobao.org%2Fpostgres-bytea%2Fdownload%2Fpostgres-bytea-1.0.0.tgz#027b533c0aa890e26d172d47cf9ccecc521acd35"
  integrity sha1-AntTPAqokOJtFy1Hz5zOzFIazTU=

postgres-date@~1.0.4:
  version "1.0.5"
  resolved "https://registry.npm.taobao.org/postgres-date/download/postgres-date-1.0.5.tgz#710b27de5f27d550f6e80b5d34f7ba189213c2ee"
  integrity sha1-cQsn3l8n1VD26AtdNPe6GJITwu4=

postgres-interval@^1.1.0:
  version "1.2.0"
  resolved "https://registry.npm.taobao.org/postgres-interval/download/postgres-interval-1.2.0.tgz?cache=0&sync_timestamp=1592527687123&other_urls=https%3A%2F%2Fregistry.npm.taobao.org%2Fpostgres-interval%2Fdownload%2Fpostgres-interval-1.2.0.tgz#b460c82cb1587507788819a06aa0fffdb3544695"
  integrity sha1-tGDILLFYdQd4iBmgaqD//bNURpU=
  dependencies:
    xtend "^4.0.0"

semver@4.3.2:
  version "4.3.2"
  resolved "https://registry.npm.taobao.org/semver/download/semver-4.3.2.tgz?cache=0&sync_timestamp=1586886267748&other_urls=https%3A%2F%2Fregistry.npm.taobao.org%2Fsemver%2Fdownload%2Fsemver-4.3.2.tgz#c7a07158a80bedd052355b770d82d6640f803be7"
  integrity sha1-x6BxWKgL7dBSNVt3DYLWZA+AO+c=

split@^1.0.0:
  version "1.0.1"
  resolved "https://registry.npm.taobao.org/split/download/split-1.0.1.tgz#605bd9be303aa59fb35f9229fbea0ddec9ea07d9"
  integrity sha1-YFvZvjA6pZ+zX5Ip++oN3snqB9k=
  dependencies:
    through "2"

through@2:
  version "2.3.8"
  resolved "https://registry.npm.taobao.org/through/download/through-2.3.8.tgz#0dd4c9ffaabc357960b1b724115d7e0e86a2e1f5"
  integrity sha1-DdTJ/6q8NXlgsbckEV1+Doai4fU=

xtend@^4.0.0:
  version "4.0.2"
  resolved "https://registry.npm.taobao.org/xtend/download/xtend-4.0.2.tgz#bb72779f5fa465186b1f438f674fa347fdb5db54"
  integrity sha1-u3J3n1+kZRhrH0OPZ0+jR/2121Q=
